Microsoft Visual Studio Solution File, Format Version 12.00
# Visual Studio Version 17
VisualStudioVersion = 17.5.2.0
MinimumVisualStudioVersion = 10.0.40219.1
Project("{FAE04EC0-301F-11D3-BF4B-00C04F79EFBC}") = "UserActivityLogger", "UserActivityLogger.csproj", "{7675FA05-C7B9-5E09-1D9C-1CF4117DFC9B}"
EndProject
Global
	GlobalSection(SolutionConfigurationPlatforms) = preSolution
		Debug|Any CPU = Debug|Any CPU
		Release|Any CPU = Release|Any CPU
	EndGlobalSection
	GlobalSection(ProjectConfigurationPlatforms) = postSolution
		{7675FA05-C7B9-5E09-1D9C-1CF4117DFC9B}.Debug|Any CPU.ActiveCfg = Debug|Any CPU
		{7675FA05-C7B9-5E09-1D9C-1CF4117DFC9B}.Debug|Any CPU.Build.0 = Debug|Any CPU
		{7675FA05-C7B9-5E09-1D9C-1CF4117DFC9B}.Release|Any CPU.ActiveCfg = Release|Any CPU
		{7675FA05-C7B9-5E09-1D9C-1CF4117DFC9B}.Release|Any CPU.Build.0 = Release|Any CPU
	EndGlobalSection
	GlobalSection(SolutionProperties) = preSolution
		HideSolutionNode = FALSE
	EndGlobalSection
	GlobalSection(ExtensibilityGlobals) = postSolution
		SolutionGuid = {2FC1F161-DA3F-4E03-AA26-24A8ADBE7A88}
	EndGlobalSection
EndGlobal
